
Microsoft Visual Studio Solution File, Format Version 12.00
Project("{FAE04EC0-301F-11D3-BF4B-00C04F79EFBC}") = "Metro", "Metro.csproj", "{BDDA0D2D-8D67-4F50-A764-835F9D4A5876}"
EndProject
Global
	GlobalSection(SolutionConfigurationPlatforms) = preSolution
		Debug|Any CPU = Debug|Any CPU
		Release|Any CPU = Release|Any CPU
	EndGlobalSection
	GlobalSection(ProjectConfigurationPlatforms) = postSolution
		{BDDA0D2D-8D67-4F50-A764-835F9D4A5876}.Debug|Any CPU.ActiveCfg = Debug|Any CPU
		{BDDA0D2D-8D67-4F50-A764-835F9D4A5876}.Debug|Any CPU.Build.0 = Debug|Any CPU
		{BDDA0D2D-8D67-4F50-A764-835F9D4A5876}.Release|Any CPU.ActiveCfg = Release|Any CPU
		{BDDA0D2D-8D67-4F50-A764-835F9D4A5876}.Release|Any CPU.Build.0 = Release|Any CPU
	EndGlobalSection
EndGlobal
